
Microsoft Visual Studio Solution File, Format Version 12.00
# Visual Studio Version 16
VisualStudioVersion = 16.0.31911.196
MinimumVisualStudioVersion = 10.0.40219.1
Project("{FAE04EC0-301F-11D3-BF4B-00C04F79EFBC}") = "CaesarCipher", "CaesarCipher.csproj", "{C6FB005D-4CD6-48B8-ADB3-A2854274346D}"
EndProject
Global
	GlobalSection(SolutionConfigurationPlatforms) = preSolution
		Debug|Any CPU = Debug|Any CPU
		Release|Any CPU = Release|Any CPU
	EndGlobalSection
	GlobalSection(ProjectConfigurationPlatforms) = postSolution
		{C6FB005D-4CD6-48B8-ADB3-A2854274346D}.Debug|Any CPU.ActiveCfg = Debug|Any CPU
		{C6FB005D-4CD6-48B8-ADB3-A2854274346D}.Debug|Any CPU.Build.0 = Debug|Any CPU
		{C6FB005D-4CD6-48B8-ADB3-A2854274346D}.Release|Any CPU.ActiveCfg = Release|Any CPU
		{C6FB005D-4CD6-48B8-ADB3-A2854274346D}.Release|Any CPU.Build.0 = Release|Any CPU
	EndGlobalSection
	GlobalSection(SolutionProperties) = preSolution
		HideSolutionNode = FALSE
	EndGlobalSection
	GlobalSection(ExtensibilityGlobals) = postSolution
		SolutionGuid = {DECF5333-18B2-4A96-9C6A-9FA1755D25B9}
	EndGlobalSection
EndGlobal
